
Microsoft Visual Studio Solution File, Format Version 12.00
# Visual Studio Version 17
VisualStudioVersion = 17.13.35825.156 d17.13
MinimumVisualStudioVersion = 10.0.40219.1
Project("{FAE04EC0-301F-11D3-BF4B-00C04F79EFBC}") = "WeatherApp.UWP", "WeatherApp.UWP\WeatherApp.UWP.csproj", "{237C724A-C3BB-45F6-AAAC-86107DAAD70C}"
EndProject
Project("{FAE04EC0-301F-11D3-BF4B-00C04F79EFBC}") = "WeatherApp.Android", "WeatherApp.Android\WeatherApp.Android.csproj", "{BD533020-ECBD-4B6D-AF50-FA32C5828367}"
EndProject
Project("{FAE04EC0-301F-11D3-BF4B-00C04F79EFBC}") = "WeatherApp.iOS", "WeatherApp.iOS\WeatherApp.iOS.csproj", "{B3F26BAB-52EE-4B6A-999B-A1607509C932}"
EndProject
Project("{FAE04EC0-301F-11D3-BF4B-00C04F79EFBC}") = "WeatherApp", "WeatherApp\WeatherApp.csproj", "{BBDD58DF-DFFF-4738-B558-C22675726823}"
EndProject
Global
	GlobalSection(SolutionConfigurationPlatforms) = preSolution
		Debug|ARM = Debug|ARM
		Debug|x64 = Debug|x64
		Debug|x86 = Debug|x86
		Release|ARM = Release|ARM
		Release|x64 = Release|x64
		Release|x86 = Release|x86
	EndGlobalSection
	GlobalSection(ProjectConfigurationPlatforms) = postSolution
		{237C724A-C3BB-45F6-AAAC-86107DAAD70C}.Debug|ARM.ActiveCfg = Debug|ARM
		{237C724A-C3BB-45F6-AAAC-86107DAAD70C}.Debug|ARM.Build.0 = Debug|ARM
		{237C724A-C3BB-45F6-AAAC-86107DAAD70C}.Debug|ARM.Deploy.0 = Debug|ARM
		{237C724A-C3BB-45F6-AAAC-86107DAAD70C}.Debug|x64.ActiveCfg = Debug|x64
		{237C724A-C3BB-45F6-AAAC-86107DAAD70C}.Debug|x64.Build.0 = Debug|x64
		{237C724A-C3BB-45F6-AAAC-86107DAAD70C}.Debug|x64.Deploy.0 = Debug|x64
		{237C724A-C3BB-45F6-AAAC-86107DAAD70C}.Debug|x86.ActiveCfg = Debug|x86
		{237C724A-C3BB-45F6-AAAC-86107DAAD70C}.Debug|x86.Build.0 = Debug|x86
		{237C724A-C3BB-45F6-AAAC-86107DAAD70C}.Debug|x86.Deploy.0 = Debug|x86
		{237C724A-C3BB-45F6-AAAC-86107DAAD70C}.Release|ARM.ActiveCfg = Release|ARM
		{237C724A-C3BB-45F6-AAAC-86107DAAD70C}.Release|ARM.Build.0 = Release|ARM
		{237C724A-C3BB-45F6-AAAC-86107DAAD70C}.Release|ARM.Deploy.0 = Release|ARM
		{237C724A-C3BB-45F6-AAAC-86107DAAD70C}.Release|x64.ActiveCfg = Release|x64
		{237C724A-C3BB-45F6-AAAC-86107DAAD70C}.Release|x64.Build.0 = Release|x64
		{237C724A-C3BB-45F6-AAAC-86107DAAD70C}.Release|x64.Deploy.0 = Release|x64
		{237C724A-C3BB-45F6-AAAC-86107DAAD70C}.Release|x86.ActiveCfg = Release|x86
		{237C724A-C3BB-45F6-AAAC-86107DAAD70C}.Release|x86.Build.0 = Release|x86
		{237C724A-C3BB-45F6-AAAC-86107DAAD70C}.Release|x86.Deploy.0 = Release|x86
		{BD533020-ECBD-4B6D-AF50-FA32C5828367}.Debug|ARM.ActiveCfg = Debug|Any CPU
		{BD533020-ECBD-4B6D-AF50-FA32C5828367}.Debug|ARM.Build.0 = Debug|Any CPU
		{BD533020-ECBD-4B6D-AF50-FA32C5828367}.Debug|ARM.Deploy.0 = Debug|Any CPU
		{BD533020-ECBD-4B6D-AF50-FA32C5828367}.Debug|x64.ActiveCfg = Debug|Any CPU
		{BD533020-ECBD-4B6D-AF50-FA32C5828367}.Debug|x64.Build.0 = Debug|Any CPU
		{BD533020-ECBD-4B6D-AF50-FA32C5828367}.Debug|x64.Deploy.0 = Debug|Any CPU
		{BD533020-ECBD-4B6D-AF50-FA32C5828367}.Debug|x86.ActiveCfg = Debug|Any CPU
		{BD533020-ECBD-4B6D-AF50-FA32C5828367}.Debug|x86.Build.0 = Debug|Any CPU
		{BD533020-ECBD-4B6D-AF50-FA32C5828367}.Debug|x86.Deploy.0 = Debug|Any CPU
		{BD533020-ECBD-4B6D-AF50-FA32C5828367}.Release|ARM.ActiveCfg = Release|Any CPU
		{BD533020-ECBD-4B6D-AF50-FA32C5828367}.Release|ARM.Build.0 = Release|Any CPU
		{BD533020-ECBD-4B6D-AF50-FA32C5828367}.Release|ARM.Deploy.0 = Release|Any CPU
		{BD533020-ECBD-4B6D-AF50-FA32C5828367}.Release|x64.ActiveCfg = Release|Any CPU
		{BD533020-ECBD-4B6D-AF50-FA32C5828367}.Release|x64.Build.0 = Release|Any CPU
		{BD533020-ECBD-4B6D-AF50-FA32C5828367}.Release|x64.Deploy.0 = Release|Any CPU
		{BD533020-ECBD-4B6D-AF50-FA32C5828367}.Release|x86.ActiveCfg = Release|Any CPU
		{BD533020-ECBD-4B6D-AF50-FA32C5828367}.Release|x86.Build.0 = Release|Any CPU
		{BD533020-ECBD-4B6D-AF50-FA32C5828367}.Release|x86.Deploy.0 = Release|Any CPU
		{B3F26BAB-52EE-4B6A-999B-A1607509C932}.Debug|ARM.ActiveCfg = Debug|iPhoneSimulator
		{B3F26BAB-52EE-4B6A-999B-A1607509C932}.Debug|ARM.Build.0 = Debug|iPhoneSimulator
		{B3F26BAB-52EE-4B6A-999B-A1607509C932}.Debug|ARM.Deploy.0 = Debug|iPhoneSimulator
		{B3F26BAB-52EE-4B6A-999B-A1607509C932}.Debug|x64.ActiveCfg = Debug|iPhone
		{B3F26BAB-52EE-4B6A-999B-A1607509C932}.Debug|x64.Build.0 = Debug|iPhone
		{B3F26BAB-52EE-4B6A-999B-A1607509C932}.Debug|x64.Deploy.0 = Debug|iPhone
		{B3F26BAB-52EE-4B6A-999B-A1607509C932}.Debug|x86.ActiveCfg = Debug|iPhoneSimulator
		{B3F26BAB-52EE-4B6A-999B-A1607509C932}.Debug|x86.Build.0 = Debug|iPhoneSimulator
		{B3F26BAB-52EE-4B6A-999B-A1607509C932}.Debug|x86.Deploy.0 = Debug|iPhoneSimulator
		{B3F26BAB-52EE-4B6A-999B-A1607509C932}.Release|ARM.ActiveCfg = Release|iPhoneSimulator
		{B3F26BAB-52EE-4B6A-999B-A1607509C932}.Release|ARM.Build.0 = Release|iPhoneSimulator
		{B3F26BAB-52EE-4B6A-999B-A1607509C932}.Release|ARM.Deploy.0 = Release|iPhoneSimulator
		{B3F26BAB-52EE-4B6A-999B-A1607509C932}.Release|x64.ActiveCfg = Release|iPhoneSimulator
		{B3F26BAB-52EE-4B6A-999B-A1607509C932}.Release|x64.Build.0 = Release|iPhoneSimulator
		{B3F26BAB-52EE-4B6A-999B-A1607509C932}.Release|x64.Deploy.0 = Release|iPhoneSimulator
		{B3F26BAB-52EE-4B6A-999B-A1607509C932}.Release|x86.ActiveCfg = Release|iPhoneSimulator
		{B3F26BAB-52EE-4B6A-999B-A1607509C932}.Release|x86.Build.0 = Release|iPhoneSimulator
		{B3F26BAB-52EE-4B6A-999B-A1607509C932}.Release|x86.Deploy.0 = Release|iPhoneSimulator
		{BBDD58DF-DFFF-4738-B558-C22675726823}.Debug|ARM.ActiveCfg = Debug|Any CPU
		{BBDD58DF-DFFF-4738-B558-C22675726823}.Debug|ARM.Build.0 = Debug|Any CPU
		{BBDD58DF-DFFF-4738-B558-C22675726823}.Debug|ARM.Deploy.0 = Debug|Any CPU
		{BBDD58DF-DFFF-4738-B558-C22675726823}.Debug|x64.ActiveCfg = Debug|Any CPU
		{BBDD58DF-DFFF-4738-B558-C22675726823}.Debug|x64.Build.0 = Debug|Any CPU
		{BBDD58DF-DFFF-4738-B558-C22675726823}.Debug|x64.Deploy.0 = Debug|Any CPU
		{BBDD58DF-DFFF-4738-B558-C22675726823}.Debug|x86.ActiveCfg = Debug|Any CPU
		{BBDD58DF-DFFF-4738-B558-C22675726823}.Debug|x86.Build.0 = Debug|Any CPU
		{BBDD58DF-DFFF-4738-B558-C22675726823}.Debug|x86.Deploy.0 = Debug|Any CPU
		{BBDD58DF-DFFF-4738-B558-C22675726823}.Release|ARM.ActiveCfg = Release|Any CPU
		{BBDD58DF-DFFF-4738-B558-C22675726823}.Release|ARM.Build.0 = Release|Any CPU
		{BBDD58DF-DFFF-4738-B558-C22675726823}.Release|ARM.Deploy.0 = Release|Any CPU
		{BBDD58DF-DFFF-4738-B558-C22675726823}.Release|x64.ActiveCfg = Release|Any CPU
		{BBDD58DF-DFFF-4738-B558-C22675726823}.Release|x64.Build.0 = Release|Any CPU
		{BBDD58DF-DFFF-4738-B558-C22675726823}.Release|x64.Deploy.0 = Release|Any CPU
		{BBDD58DF-DFFF-4738-B558-C22675726823}.Release|x86.ActiveCfg = Release|Any CPU
		{BBDD58DF-DFFF-4738-B558-C22675726823}.Release|x86.Build.0 = Release|Any CPU
		{BBDD58DF-DFFF-4738-B558-C22675726823}.Release|x86.Deploy.0 = Release|Any CPU
	EndGlobalSection
	GlobalSection(SolutionProperties) = preSolution
		HideSolutionNode = FALSE
	EndGlobalSection
	GlobalSection(ExtensibilityGlobals) = postSolution
		SolutionGuid = {11F5BD71-D7B0-4577-A625-5F619C44EF4B}
	EndGlobalSection
EndGlobal
